
Microsoft Visual Studio Solution File, Format Version 12.00
# Visual Studio Version 17
VisualStudioVersion = 17.5.33530.505
MinimumVisualStudioVersion = 10.0.40219.1
Project("{FAE04EC0-301F-11D3-BF4B-00C04F79EFBC}") = "Stocks.Web", "Stocks.Web\Stocks.Web.csproj", "{F75667C6-825E-4793-98E9-56C254A199D8}"
EndProject
Global
	GlobalSection(SolutionConfigurationPlatforms) = preSolution
		Debug|Any CPU = Debug|Any CPU
		Release|Any CPU = Release|Any CPU
	EndGlobalSection
	GlobalSection(ProjectConfigurationPlatforms) = postSolution
		{F75667C6-825E-4793-98E9-56C254A199D8}.Debug|Any CPU.ActiveCfg = Debug|Any CPU
		{F75667C6-825E-4793-98E9-56C254A199D8}.Debug|Any CPU.Build.0 = Debug|Any CPU
		{F75667C6-825E-4793-98E9-56C254A199D8}.Release|Any CPU.ActiveCfg = Release|Any CPU
		{F75667C6-825E-4793-98E9-56C254A199D8}.Release|Any CPU.Build.0 = Release|Any CPU
	EndGlobalSection
	GlobalSection(SolutionProperties) = preSolution
		HideSolutionNode = FALSE
	EndGlobalSection
	GlobalSection(ExtensibilityGlobals) = postSolution
		SolutionGuid = {23EF55ED-2531-47C3-8D65-432768BC9B20}
	EndGlobalSection
EndGlobal
